// !$*UTF8*$!
{
	archiveVersion = 1;
	classes = {
	};
	objectVersion = 46;
	objects = {

/* Begin PBXBuildFile section */
		021861EF1B2F544F00D0ED84 /* main.swift in Sources */ = {isa = PBXBuildFile; fileRef = 021861EE1B2F544F00D0ED84 /* main.swift */; };
		021861F61B2F57C500D0ED84 /* Extensions.swift in Sources */ = {isa = PBXBuildFile; fileRef = 021861F51B2F57C500D0ED84 /* Extensions.swift */; };
		021861F81B2F5D0400D0ED84 /* Tokens.swift in Sources */ = {isa = PBXBuildFile; fileRef = 021861F71B2F5D0400D0ED84 /* Tokens.swift */; };
		021861FA1B2F5D7800D0ED84 /* Tokenizer.swift in Sources */ = {isa = PBXBuildFile; fileRef = 021861F91B2F5D7800D0ED84 /* Tokenizer.swift */; };
		021861FC1B2F64E000D0ED84 /* Error.swift in Sources */ = {isa = PBXBuildFile; fileRef = 021861FB1B2F64E000D0ED84 /* Error.swift */; };
		021861FE1B305F0700D0ED84 /* DSAST.swift in Sources */ = {isa = PBXBuildFile; fileRef = 021861FD1B305F0700D0ED84 /* DSAST.swift */; };
		021862001B30636600D0ED84 /* Parser.swift in Sources */ = {isa = PBXBuildFile; fileRef = 021861FF1B30636600D0ED84 /* Parser.swift */; };
		02EC96B71B42DC9A00D3D7E1 /* CompilerHelper.swift in Sources */ = {isa = PBXBuildFile; fileRef = 02EC96B61B42DC9A00D3D7E1 /* CompilerHelper.swift */; };
		02EC96BA1B42E5EE00D3D7E1 /* LLVMHelper.mm in Sources */ = {isa = PBXBuildFile; fileRef = 02EC96B91B42E5EE00D3D7E1 /* LLVMHelper.mm */; };
		02EC96BC1B42E7F800D3D7E1 /* Codegen.mm in Sources */ = {isa = PBXBuildFile; fileRef = 02EC96BB1B42E7F800D3D7E1 /* Codegen.mm */; };
/* End PBXBuildFile section */

/* Begin PBXCopyFilesBuildPhase section */
		021861E91B2F544E00D0ED84 /* CopyFiles */ = {
			isa = PBXCopyFilesBuildPhase;
			buildActionMask = 2147483647;
			dstPath = /usr/share/man/man1/;
			dstSubfolderSpec = 0;
			files = (
			);
			runOnlyForDeploymentPostprocessing = 1;
		};
/* End PBXCopyFilesBuildPhase section */

/* Begin PBXFileReference section */
		021861EB1B2F544F00D0ED84 /* DeafShark */ = {isa = PBXFileReference; explicitFileType = "compiled.mach-o.executable"; includeInIndex = 0; path = DeafShark; sourceTree = BUILT_PRODUCTS_DIR; };
		021861EE1B2F544F00D0ED84 /* main.swift */ = {isa = PBXFileReference; lastKnownFileType = sourcecode.swift; path = main.swift; sourceTree = "<group>"; };
		021861F51B2F57C500D0ED84 /* Extensions.swift */ = {isa = PBXFileReference; fileEncoding = 4; lastKnownFileType = sourcecode.swift; path = Extensions.swift; sourceTree = "<group>"; };
		021861F71B2F5D0400D0ED84 /* Tokens.swift */ = {isa = PBXFileReference; fileEncoding = 4; lastKnownFileType = sourcecode.swift; path = Tokens.swift; sourceTree = "<group>"; };
		021861F91B2F5D7800D0ED84 /* Tokenizer.swift */ = {isa = PBXFileReference; fileEncoding = 4; lastKnownFileType = sourcecode.swift; path = Tokenizer.swift; sourceTree = "<group>"; };
		021861FB1B2F64E000D0ED84 /* Error.swift */ = {isa = PBXFileReference; fileEncoding = 4; lastKnownFileType = sourcecode.swift; path = Error.swift; sourceTree = "<group>"; };
		021861FD1B305F0700D0ED84 /* DSAST.swift */ = {isa = PBXFileReference; fileEncoding = 4; lastKnownFileType = sourcecode.swift; path = DSAST.swift; sourceTree = "<group>"; };
		021861FF1B30636600D0ED84 /* Parser.swift */ = {isa = PBXFileReference; fileEncoding = 4; lastKnownFileType = sourcecode.swift; path = Parser.swift; sourceTree = "<group>"; };
		02B4A8D41B384C23006C3669 /* DeafShark-Bridging-Header.h */ = {isa = PBXFileReference; lastKnownFileType = sourcecode.c.h; path = "DeafShark-Bridging-Header.h"; sourceTree = "<group>"; };
		02B4A8D71B39A2CC006C3669 /* Codegen.h */ = {isa = PBXFileReference; fileEncoding = 4; lastKnownFileType = sourcecode.c.h; path = Codegen.h; sourceTree = "<group>"; };
		02EC96B61B42DC9A00D3D7E1 /* CompilerHelper.swift */ = {isa = PBXFileReference; fileEncoding = 4; lastKnownFileType = sourcecode.swift; path = CompilerHelper.swift; sourceTree = "<group>"; };
		02EC96B81B42E5EE00D3D7E1 /* LLVMHelper.h */ = {isa = PBXFileReference; fileEncoding = 4; lastKnownFileType = sourcecode.c.h; path = LLVMHelper.h; sourceTree = "<group>"; };
		02EC96B91B42E5EE00D3D7E1 /* LLVMHelper.mm */ = {isa = PBXFileReference; fileEncoding = 4; lastKnownFileType = sourcecode.cpp.objcpp; path = LLVMHelper.mm; sourceTree = "<group>"; };
		02EC96BB1B42E7F800D3D7E1 /* Codegen.mm */ = {isa = PBXFileReference; fileEncoding = 4; lastKnownFileType = sourcecode.cpp.objcpp; path = Codegen.mm; sourceTree = "<group>"; };
/* End PBXFileReference section */

/* Begin PBXFrameworksBuildPhase section */
		021861E81B2F544E00D0ED84 /* Frameworks */ = {
			isa = PBXFrameworksBuildPhase;
			buildActionMask = 2147483647;
			files = (
			);
			runOnlyForDeploymentPostprocessing = 0;
		};
/* End PBXFrameworksBuildPhase section */

/* Begin PBXGroup section */
		021861E21B2F544E00D0ED84 = {
			isa = PBXGroup;
			children = (
				021861ED1B2F544F00D0ED84 /* DeafShark */,
				021861EC1B2F544F00D0ED84 /* Products */,
			);
			sourceTree = "<group>";
		};
		021861EC1B2F544F00D0ED84 /* Products */ = {
			isa = PBXGroup;
			children = (
				021861EB1B2F544F00D0ED84 /* DeafShark */,
			);
			name = Products;
			sourceTree = "<group>";
		};
		021861ED1B2F544F00D0ED84 /* DeafShark */ = {
			isa = PBXGroup;
			children = (
				021861EE1B2F544F00D0ED84 /* main.swift */,
				021861F51B2F57C500D0ED84 /* Extensions.swift */,
				021861F71B2F5D0400D0ED84 /* Tokens.swift */,
				021861F91B2F5D7800D0ED84 /* Tokenizer.swift */,
				021861FB1B2F64E000D0ED84 /* Error.swift */,
				021861FD1B305F0700D0ED84 /* DSAST.swift */,
				021861FF1B30636600D0ED84 /* Parser.swift */,
				02EC96B61B42DC9A00D3D7E1 /* CompilerHelper.swift */,
				02B4A8D41B384C23006C3669 /* DeafShark-Bridging-Header.h */,
				02B4A8D71B39A2CC006C3669 /* Codegen.h */,
				02EC96BB1B42E7F800D3D7E1 /* Codegen.mm */,
				02EC96B81B42E5EE00D3D7E1 /* LLVMHelper.h */,
				02EC96B91B42E5EE00D3D7E1 /* LLVMHelper.mm */,
			);
			path = DeafShark;
			sourceTree = "<group>";
		};
/* End PBXGroup section */

/* Begin PBXNativeTarget section */
		021861EA1B2F544E00D0ED84 /* DeafShark */ = {
			isa = PBXNativeTarget;
			buildConfigurationList = 021861F21B2F544F00D0ED84 /* Build configuration list for PBXNativeTarget "DeafShark" */;
			buildPhases = (
				021861E71B2F544E00D0ED84 /* Sources */,
				021861E81B2F544E00D0ED84 /* Frameworks */,
				021861E91B2F544E00D0ED84 /* CopyFiles */,
			);
			buildRules = (
			);
			dependencies = (
			);
			name = DeafShark;
			productName = DeafShark;
			productReference = 021861EB1B2F544F00D0ED84 /* DeafShark */;
			productType = "com.apple.product-type.tool";
		};
/* End PBXNativeTarget section */

/* Begin PBXProject section */
		021861E31B2F544E00D0ED84 /* Project object */ = {
			isa = PBXProject;
			attributes = {
				LastUpgradeCheck = 0700;
				ORGANIZATIONNAME = "Flipped Bit";
				TargetAttributes = {
					021861EA1B2F544E00D0ED84 = {
						CreatedOnToolsVersion = 7.0;
					};
				};
			};
			buildConfigurationList = 021861E61B2F544E00D0ED84 /* Build configuration list for PBXProject "DeafShark" */;
			compatibilityVersion = "Xcode 3.2";
			developmentRegion = English;
			hasScannedForEncodings = 0;
			knownRegions = (
				en,
			);
			mainGroup = 021861E21B2F544E00D0ED84;
			productRefGroup = 021861EC1B2F544F00D0ED84 /* Products */;
			projectDirPath = "";
			projectRoot = "";
			targets = (
				021861EA1B2F544E00D0ED84 /* DeafShark */,
			);
		};
/* End PBXProject section */

/* Begin PBXSourcesBuildPhase section */
		021861E71B2F544E00D0ED84 /* Sources */ = {
			isa = PBXSourcesBuildPhase;
			buildActionMask = 2147483647;
			files = (
				021861EF1B2F544F00D0ED84 /* main.swift in Sources */,
				021861FE1B305F0700D0ED84 /* DSAST.swift in Sources */,
				021861FA1B2F5D7800D0ED84 /* Tokenizer.swift in Sources */,
				021861F61B2F57C500D0ED84 /* Extensions.swift in Sources */,
				021861FC1B2F64E000D0ED84 /* Error.swift in Sources */,
				021861F81B2F5D0400D0ED84 /* Tokens.swift in Sources */,
				021862001B30636600D0ED84 /* Parser.swift in Sources */,
				02EC96BA1B42E5EE00D3D7E1 /* LLVMHelper.mm in Sources */,
				02EC96B71B42DC9A00D3D7E1 /* CompilerHelper.swift in Sources */,
				02EC96BC1B42E7F800D3D7E1 /* Codegen.mm in Sources */,
			);
			runOnlyForDeploymentPostprocessing = 0;
		};
/* End PBXSourcesBuildPhase section */

/* Begin XCBuildConfiguration section */
		021861F01B2F544F00D0ED84 /* Debug */ = {
			isa = XCBuildConfiguration;
			buildSettings = {
				ALWAYS_SEARCH_USER_PATHS = NO;
				CLANG_CXX_LANGUAGE_STANDARD = "gnu++0x";
				CLANG_CXX_LIBRARY = "libc++";
				CLANG_ENABLE_MODULES = YES;
				CLANG_ENABLE_OBJC_ARC = YES;
				CLANG_WARN_BOOL_CONVERSION = YES;
				CLANG_WARN_CONSTANT_CONVERSION = YES;
				CLANG_WARN_DIRECT_OBJC_ISA_USAGE = YES_ERROR;
				CLANG_WARN_EMPTY_BODY = YES;
				CLANG_WARN_ENUM_CONVERSION = YES;
				CLANG_WARN_INT_CONVERSION = YES;
				CLANG_WARN_OBJC_ROOT_CLASS = YES_ERROR;
				CLANG_WARN_UNREACHABLE_CODE = YES;
				CLANG_WARN__DUPLICATE_METHOD_MATCH = YES;
				COPY_PHASE_STRIP = NO;
				DEBUG_INFORMATION_FORMAT = dwarf;
				ENABLE_STRICT_OBJC_MSGSEND = YES;
				ENABLE_TESTABILITY = YES;
				GCC_C_LANGUAGE_STANDARD = gnu99;
				GCC_DYNAMIC_NO_PIC = NO;
				GCC_NO_COMMON_BLOCKS = YES;
				GCC_OPTIMIZATION_LEVEL = 0;
				GCC_PREPROCESSOR_DEFINITIONS = (
					"DEBUG=1",
					"$(inherited)",
				);
				GCC_WARN_64_TO_32_BIT_CONVERSION = YES;
				GCC_WARN_ABOUT_RETURN_TYPE = YES_ERROR;
				GCC_WARN_UNDECLARED_SELECTOR = YES;
				GCC_WARN_UNINITIALIZED_AUTOS = YES_AGGRESSIVE;
				GCC_WARN_UNUSED_FUNCTION = YES;
				GCC_WARN_UNUSED_VARIABLE = YES;
				MACOSX_DEPLOYMENT_TARGET = 10.10;
				MTL_ENABLE_DEBUG_INFO = YES;
				ONLY_ACTIVE_ARCH = YES;
				SDKROOT = macosx;
				SWIFT_OPTIMIZATION_LEVEL = "-Onone";
			};
			name = Debug;
		};
		021861F11B2F544F00D0ED84 /* Release */ = {
			isa = XCBuildConfiguration;
			buildSettings = {
				ALWAYS_SEARCH_USER_PATHS = NO;
				CLANG_CXX_LANGUAGE_STANDARD = "gnu++0x";
				CLANG_CXX_LIBRARY = "libc++";
				CLANG_ENABLE_MODULES = YES;
				CLANG_ENABLE_OBJC_ARC = YES;
				CLANG_WARN_BOOL_CONVERSION = YES;
				CLANG_WARN_CONSTANT_CONVERSION = YES;
				CLANG_WARN_DIRECT_OBJC_ISA_USAGE = YES_ERROR;
				CLANG_WARN_EMPTY_BODY = YES;
				CLANG_WARN_ENUM_CONVERSION = YES;
				CLANG_WARN_INT_CONVERSION = YES;
				CLANG_WARN_OBJC_ROOT_CLASS = YES_ERROR;
				CLANG_WARN_UNREACHABLE_CODE = YES;
				CLANG_WARN__DUPLICATE_METHOD_MATCH = YES;
				COPY_PHASE_STRIP = NO;
				DEBUG_INFORMATION_FORMAT = "dwarf-with-dsym";
				ENABLE_NS_ASSERTIONS = NO;
				ENABLE_STRICT_OBJC_MSGSEND = YES;
				GCC_C_LANGUAGE_STANDARD = gnu99;
				GCC_NO_COMMON_BLOCKS = YES;
				GCC_WARN_64_TO_32_BIT_CONVERSION = YES;
				GCC_WARN_ABOUT_RETURN_TYPE = YES_ERROR;
				GCC_WARN_UNDECLARED_SELECTOR = YES;
				GCC_WARN_UNINITIALIZED_AUTOS = YES_AGGRESSIVE;
				GCC_WARN_UNUSED_FUNCTION = YES;
				GCC_WARN_UNUSED_VARIABLE = YES;
				MACOSX_DEPLOYMENT_TARGET = 10.10;
				MTL_ENABLE_DEBUG_INFO = NO;
				SDKROOT = macosx;
			};
			name = Release;
		};
		021861F31B2F544F00D0ED84 /* Debug */ = {
			isa = XCBuildConfiguration;
			buildSettings = {
				DEFINES_MODULE = YES;
				EMBEDDED_CONTENT_CONTAINS_SWIFT = NO;
				GCC_PREPROCESSOR_DEFINITIONS = (
					"DEBUG=1",
					"$(inherited)",
					__STDC_CONSTANT_MACROS,
					__STDC_FORMAT_MACROS,
					__STDC_LIMIT_MACROS,
				);
				LIBRARY_SEARCH_PATHS = (
					"$(inherited)",
					/usr/local/lib,
				);
				OTHER_LDFLAGS = (
					"-lncurses",
					"-lLLVMCodeGen",
					"-lLLVMScalarOpts",
					"-lLLVMProfileData",
					"-lLLVMObject",
					"-lLLVMMCParser",
					"-lLLVMBitReader",
					"-lLLVMInstCombine",
					"-lLLVMTransformUtils",
					"-lLLVMipa",
					"-lLLVMAnalysis",
					"-lLLVMTarget",
					"-lLLVMMC",
					"-lLLVMCore",
					"-lLLVMBitWriter",
					"-lLLVMSupport",
				);
				PRODUCT_NAME = "$(TARGET_NAME)";
				SWIFT_OBJC_BRIDGING_HEADER = "DeafShark/DeafShark-Bridging-Header.h";
				USER_HEADER_SEARCH_PATHS = "/usr/local/include/**";
			};
			name = Debug;
		};
		021861F41B2F544F00D0ED84 /* Release */ = {
			isa = XCBuildConfiguration;
			buildSettings = {
				DEFINES_MODULE = YES;
				EMBEDDED_CONTENT_CONTAINS_SWIFT = NO;
				LIBRARY_SEARCH_PATHS = (
					"$(inherited)",
					/usr/local/lib,
				);
				OTHER_LDFLAGS = (
					"-lncurses",
					"-lLLVMCodeGen",
					"-lLLVMScalarOpts",
					"-lLLVMProfileData",
					"-lLLVMObject",
					"-lLLVMMCParser",
					"-lLLVMBitReader",
					"-lLLVMInstCombine",
					"-lLLVMTransformUtils",
					"-lLLVMipa",
					"-lLLVMAnalysis",
					"-lLLVMTarget",
					"-lLLVMMC",
					"-lLLVMCore",
					"-lLLVMBitWriter",
					"-lLLVMSupport",
				);
				PRODUCT_NAME = "$(TARGET_NAME)";
				SWIFT_OBJC_BRIDGING_HEADER = "DeafShark/DeafShark-Bridging-Header.h";
				USER_HEADER_SEARCH_PATHS = "/usr/local/include/**";
			};
			name = Release;
		};
/* End XCBuildConfiguration section */

/* Begin XCConfigurationList section */
		021861E61B2F544E00D0ED84 /* Build configuration list for PBXProject "DeafShark" */ = {
			isa = XCConfigurationList;
			buildConfigurations = (
				021861F01B2F544F00D0ED84 /* Debug */,
				021861F11B2F544F00D0ED84 /* Release */,
			);
			defaultConfigurationIsVisible = 0;
			defaultConfigurationName = Release;
		};
		021861F21B2F544F00D0ED84 /* Build configuration list for PBXNativeTarget "DeafShark" */ = {
			isa = XCConfigurationList;
			buildConfigurations = (
				021861F31B2F544F00D0ED84 /* Debug */,
				021861F41B2F544F00D0ED84 /* Release */,
			);
			defaultConfigurationIsVisible = 0;
			defaultConfigurationName = Release;
		};
/* End XCConfigurationList section */
	};
	rootObject = 021861E31B2F544E00D0ED84 /* Project object */;
}
